// !$*UTF8*$!
{
	archiveVersion = 1;
	classes = {
	};
	objectVersion = 50;
	objects = {

/* Begin PBXBuildFile section */
		A011C7E524F20C8D009D72C6 /* RemoteTorrent.swift in Sources */ = {isa = PBXBuildFile; fileRef = A011C7E424F20C8D009D72C6 /* RemoteTorrent.swift */; };
		A011C7E624F20C8D009D72C6 /* RemoteTorrent.swift in Sources */ = {isa = PBXBuildFile; fileRef = A011C7E424F20C8D009D72C6 /* RemoteTorrent.swift */; };
		A011C7EF24F21078009D72C6 /* ServerConnection.swift in Sources */ = {isa = PBXBuildFile; fileRef = A011C7EE24F21078009D72C6 /* ServerConnection.swift */; };
		A011C7F024F21078009D72C6 /* ServerConnection.swift in Sources */ = {isa = PBXBuildFile; fileRef = A011C7EE24F21078009D72C6 /* ServerConnection.swift */; };
		A011C7F224F21088009D72C6 /* TransmissionConnection.swift in Sources */ = {isa = PBXBuildFile; fileRef = A011C7F124F21088009D72C6 /* TransmissionConnection.swift */; };
		A011C7F324F21088009D72C6 /* TransmissionConnection.swift in Sources */ = {isa = PBXBuildFile; fileRef = A011C7F124F21088009D72C6 /* TransmissionConnection.swift */; };
		A011C7F524F211C6009D72C6 /* LocalTorrent.swift in Sources */ = {isa = PBXBuildFile; fileRef = A011C7F424F211C6009D72C6 /* LocalTorrent.swift */; };
		A011C7F624F211C6009D72C6 /* LocalTorrent.swift in Sources */ = {isa = PBXBuildFile; fileRef = A011C7F424F211C6009D72C6 /* LocalTorrent.swift */; };
		A011C7F824F2130A009D72C6 /* README.md in Resources */ = {isa = PBXBuildFile; fileRef = A011C7F724F2130A009D72C6 /* README.md */; };
		A011C7F924F2130A009D72C6 /* README.md in Resources */ = {isa = PBXBuildFile; fileRef = A011C7F724F2130A009D72C6 /* README.md */; };
		A011C7FB24F21406009D72C6 /* LICENSE.txt in Resources */ = {isa = PBXBuildFile; fileRef = A011C7FA24F21406009D72C6 /* LICENSE.txt */; };
		A011C7FC24F21406009D72C6 /* LICENSE.txt in Resources */ = {isa = PBXBuildFile; fileRef = A011C7FA24F21406009D72C6 /* LICENSE.txt */; };
		A023BAE424F294E400B82FB3 /* TorrentDetailsView.swift in Sources */ = {isa = PBXBuildFile; fileRef = A023BAE324F294E400B82FB3 /* TorrentDetailsView.swift */; };
		A023BAE524F294E400B82FB3 /* TorrentDetailsView.swift in Sources */ = {isa = PBXBuildFile; fileRef = A023BAE324F294E400B82FB3 /* TorrentDetailsView.swift */; };
		A023BAE724F294EF00B82FB3 /* SettingsView.swift in Sources */ = {isa = PBXBuildFile; fileRef = A023BAE624F294EF00B82FB3 /* SettingsView.swift */; };
		A023BAE824F294EF00B82FB3 /* SettingsView.swift in Sources */ = {isa = PBXBuildFile; fileRef = A023BAE624F294EF00B82FB3 /* SettingsView.swift */; };
		A02C584F24F325A400C82D68 /* DataModel.xcdatamodeld in Sources */ = {isa = PBXBuildFile; fileRef = A02C584D24F325A400C82D68 /* DataModel.xcdatamodeld */; };
		A02C585024F325A400C82D68 /* DataModel.xcdatamodeld in Sources */ = {isa = PBXBuildFile; fileRef = A02C584D24F325A400C82D68 /* DataModel.xcdatamodeld */; };
		A02C585224F326EA00C82D68 /* RemoteTorrent+Transmission.swift in Sources */ = {isa = PBXBuildFile; fileRef = A02C585124F326EA00C82D68 /* RemoteTorrent+Transmission.swift */; };
		A02C585324F326EA00C82D68 /* RemoteTorrent+Transmission.swift in Sources */ = {isa = PBXBuildFile; fileRef = A02C585124F326EA00C82D68 /* RemoteTorrent+Transmission.swift */; };
		A02C585624F3400200C82D68 /* ServerConnectionDetails.swift in Sources */ = {isa = PBXBuildFile; fileRef = A02C585524F3400200C82D68 /* ServerConnectionDetails.swift */; };
		A02C585724F3400200C82D68 /* ServerConnectionDetails.swift in Sources */ = {isa = PBXBuildFile; fileRef = A02C585524F3400200C82D68 /* ServerConnectionDetails.swift */; };
		A02C585924F3446100C82D68 /* NewServerView.swift in Sources */ = {isa = PBXBuildFile; fileRef = A02C585824F3446100C82D68 /* NewServerView.swift */; };
		A02C585A24F3446100C82D68 /* NewServerView.swift in Sources */ = {isa = PBXBuildFile; fileRef = A02C585824F3446100C82D68 /* NewServerView.swift */; };
		A045C8BE24F2006500B3B1CD /* Tests_iOS.swift in Sources */ = {isa = PBXBuildFile; fileRef = A045C8BD24F2006500B3B1CD /* Tests_iOS.swift */; };
		A045C8C924F2006500B3B1CD /* Tests_macOS.swift in Sources */ = {isa = PBXBuildFile; fileRef = A045C8C824F2006500B3B1CD /* Tests_macOS.swift */; };
		A045C8CB24F2006500B3B1CD /* SeedTruckApp.swift in Sources */ = {isa = PBXBuildFile; fileRef = A045C8A224F2006400B3B1CD /* SeedTruckApp.swift */; };
		A045C8CC24F2006500B3B1CD /* SeedTruckApp.swift in Sources */ = {isa = PBXBuildFile; fileRef = A045C8A224F2006400B3B1CD /* SeedTruckApp.swift */; };
		A045C8CF24F2006500B3B1CD /* Assets.xcassets in Resources */ = {isa = PBXBuildFile; fileRef = A045C8A424F2006500B3B1CD /* Assets.xcassets */; };
		A045C8D024F2006500B3B1CD /* Assets.xcassets in Resources */ = {isa = PBXBuildFile; fileRef = A045C8A424F2006500B3B1CD /* Assets.xcassets */; };
		A045C8E024F2011E00B3B1CD /* MainView.swift in Sources */ = {isa = PBXBuildFile; fileRef = A045C8DF24F2011E00B3B1CD /* MainView.swift */; };
		A045C8E124F2011E00B3B1CD /* MainView.swift in Sources */ = {isa = PBXBuildFile; fileRef = A045C8DF24F2011E00B3B1CD /* MainView.swift */; };
		A045C8E324F2013100B3B1CD /* TorrentsTabView.swift in Sources */ = {isa = PBXBuildFile; fileRef = A045C8E224F2013100B3B1CD /* TorrentsTabView.swift */; };
		A045C8E424F2013100B3B1CD /* TorrentsTabView.swift in Sources */ = {isa = PBXBuildFile; fileRef = A045C8E224F2013100B3B1CD /* TorrentsTabView.swift */; };
		A045C8E624F2021100B3B1CD /* TorrentItemView.swift in Sources */ = {isa = PBXBuildFile; fileRef = A045C8E524F2021100B3B1CD /* TorrentItemView.swift */; };
		A045C8E724F2021100B3B1CD /* TorrentItemView.swift in Sources */ = {isa = PBXBuildFile; fileRef = A045C8E524F2021100B3B1CD /* TorrentItemView.swift */; };
		A045C8E924F205B100B3B1CD /* ProgressBarView.swift in Sources */ = {isa = PBXBuildFile; fileRef = A045C8E824F205B100B3B1CD /* ProgressBarView.swift */; };
		A045C8EA24F205B100B3B1CD /* ProgressBarView.swift in Sources */ = {isa = PBXBuildFile; fileRef = A045C8E824F205B100B3B1CD /* ProgressBarView.swift */; };
		A05FE16324F43A5A00B57E45 /* NoServersConfiguredView.swift in Sources */ = {isa = PBXBuildFile; fileRef = A05FE16224F43A5A00B57E45 /* NoServersConfiguredView.swift */; };
		A05FE16424F43A5A00B57E45 /* NoServersConfiguredView.swift in Sources */ = {isa = PBXBuildFile; fileRef = A05FE16224F43A5A00B57E45 /* NoServersConfiguredView.swift */; };
		A05FE16624F43A7300B57E45 /* ServerConnectionErrorView.swift in Sources */ = {isa = PBXBuildFile; fileRef = A05FE16524F43A7300B57E45 /* ServerConnectionErrorView.swift */; };
		A05FE16724F43A7300B57E45 /* ServerConnectionErrorView.swift in Sources */ = {isa = PBXBuildFile; fileRef = A05FE16524F43A7300B57E45 /* ServerConnectionErrorView.swift */; };
		A071CAC924F3113800B6AC0C /* ByteCountFormatter+Extensions.swift in Sources */ = {isa = PBXBuildFile; fileRef = A071CAC824F3113800B6AC0C /* ByteCountFormatter+Extensions.swift */; };
		A071CACA24F3113800B6AC0C /* ByteCountFormatter+Extensions.swift in Sources */ = {isa = PBXBuildFile; fileRef = A071CAC824F3113800B6AC0C /* ByteCountFormatter+Extensions.swift */; };
		A07FFC6D24F2F34E002A78B5 /* Transmission.swift in Sources */ = {isa = PBXBuildFile; fileRef = A07FFC6C24F2F34E002A78B5 /* Transmission.swift */; };
		A07FFC6E24F2F34E002A78B5 /* Transmission.swift in Sources */ = {isa = PBXBuildFile; fileRef = A07FFC6C24F2F34E002A78B5 /* Transmission.swift */; };
		A07FFC7024F30044002A78B5 /* Transmission+Extensions.swift in Sources */ = {isa = PBXBuildFile; fileRef = A07FFC6F24F30044002A78B5 /* Transmission+Extensions.swift */; };
		A07FFC7124F30044002A78B5 /* Transmission+Extensions.swift in Sources */ = {isa = PBXBuildFile; fileRef = A07FFC6F24F30044002A78B5 /* Transmission+Extensions.swift */; };
		A07FFC7324F306AC002A78B5 /* TransmissionModelTests.swift in Sources */ = {isa = PBXBuildFile; fileRef = A07FFC7224F306AC002A78B5 /* TransmissionModelTests.swift */; };
		A09656AC24F2C8E8009D0FE1 /* PreviewMockData.swift in Sources */ = {isa = PBXBuildFile; fileRef = A09656AB24F2C8E8009D0FE1 /* PreviewMockData.swift */; };
		A09656AD24F2C8E8009D0FE1 /* PreviewMockData.swift in Sources */ = {isa = PBXBuildFile; fileRef = A09656AB24F2C8E8009D0FE1 /* PreviewMockData.swift */; };
		A0B8C13324F3FF4E00ACD713 /* DocumentPickerViewController.swift in Sources */ = {isa = PBXBuildFile; fileRef = A0B8C13224F3FF4E00ACD713 /* DocumentPickerViewController.swift */; };
		A0B8C13424F3FF4E00ACD713 /* DocumentPickerViewController.swift in Sources */ = {isa = PBXBuildFile; fileRef = A0B8C13224F3FF4E00ACD713 /* DocumentPickerViewController.swift */; };
		A0C1DB3624F42E4100C76682 /* SettingsPresenter.swift in Sources */ = {isa = PBXBuildFile; fileRef = A0C1DB3524F42E4100C76682 /* SettingsPresenter.swift */; };
		A0C1DB3724F42E4100C76682 /* SettingsPresenter.swift in Sources */ = {isa = PBXBuildFile; fileRef = A0C1DB3524F42E4100C76682 /* SettingsPresenter.swift */; };
		A0C1DB3924F4358500C76682 /* TorrentListView.swift in Sources */ = {isa = PBXBuildFile; fileRef = A0C1DB3824F4358500C76682 /* TorrentListView.swift */; };
		A0C1DB3A24F4358500C76682 /* TorrentListView.swift in Sources */ = {isa = PBXBuildFile; fileRef = A0C1DB3824F4358500C76682 /* TorrentListView.swift */; };
		A0C1DB3C24F436A500C76682 /* CoreDataManagedObjectDeleter.swift in Sources */ = {isa = PBXBuildFile; fileRef = A0C1DB3B24F436A400C76682 /* CoreDataManagedObjectDeleter.swift */; };
		A0C1DB3D24F436A500C76682 /* CoreDataManagedObjectDeleter.swift in Sources */ = {isa = PBXBuildFile; fileRef = A0C1DB3B24F436A400C76682 /* CoreDataManagedObjectDeleter.swift */; };
/* End PBXBuildFile section */

/* Begin PBXContainerItemProxy section */
		A045C8BA24F2006500B3B1CD /* PBXContainerItemProxy */ = {
			isa = PBXContainerItemProxy;
			containerPortal = A045C89D24F2006400B3B1CD /* Project object */;
			proxyType = 1;
			remoteGlobalIDString = A045C8A824F2006500B3B1CD;
			remoteInfo = "SeedTruck (iOS)";
		};
		A045C8C524F2006500B3B1CD /* PBXContainerItemProxy */ = {
			isa = PBXContainerItemProxy;
			containerPortal = A045C89D24F2006400B3B1CD /* Project object */;
			proxyType = 1;
			remoteGlobalIDString = A045C8B024F2006500B3B1CD;
			remoteInfo = "SeedTruck (macOS)";
		};
/* End PBXContainerItemProxy section */

/* Begin PBXFileReference section */
		A011C7E424F20C8D009D72C6 /* RemoteTorrent.swift */ = {isa = PBXFileReference; lastKnownFileType = sourcecode.swift; path = RemoteTorrent.swift; sourceTree = "<group>"; };
		A011C7EE24F21078009D72C6 /* ServerConnection.swift */ = {isa = PBXFileReference; lastKnownFileType = sourcecode.swift; path = ServerConnection.swift; sourceTree = "<group>"; };
		A011C7F124F21088009D72C6 /* TransmissionConnection.swift */ = {isa = PBXFileReference; lastKnownFileType = sourcecode.swift; path = TransmissionConnection.swift; sourceTree = "<group>"; };
		A011C7F424F211C6009D72C6 /* LocalTorrent.swift */ = {isa = PBXFileReference; lastKnownFileType = sourcecode.swift; path = LocalTorrent.swift; sourceTree = "<group>"; };
		A011C7F724F2130A009D72C6 /* README.md */ = {isa = PBXFileReference; lastKnownFileType = net.daringfireball.markdown; path = README.md; sourceTree = "<group>"; };
		A011C7FA24F21406009D72C6 /* LICENSE.txt */ = {isa = PBXFileReference; lastKnownFileType = text; path = LICENSE.txt; sourceTree = "<group>"; };
		A023BAE324F294E400B82FB3 /* TorrentDetailsView.swift */ = {isa = PBXFileReference; lastKnownFileType = sourcecode.swift; path = TorrentDetailsView.swift; sourceTree = "<group>"; };
		A023BAE624F294EF00B82FB3 /* SettingsView.swift */ = {isa = PBXFileReference; lastKnownFileType = sourcecode.swift; path = SettingsView.swift; sourceTree = "<group>"; };
		A02C584E24F325A400C82D68 /* DataModel.xcdatamodel */ = {isa = PBXFileReference; lastKnownFileType = wrapper.xcdatamodel; path = DataModel.xcdatamodel; sourceTree = "<group>"; };
		A02C585124F326EA00C82D68 /* RemoteTorrent+Transmission.swift */ = {isa = PBXFileReference; lastKnownFileType = sourcecode.swift; path = "RemoteTorrent+Transmission.swift"; sourceTree = "<group>"; };
		A02C585524F3400200C82D68 /* ServerConnectionDetails.swift */ = {isa = PBXFileReference; lastKnownFileType = sourcecode.swift; path = ServerConnectionDetails.swift; sourceTree = "<group>"; };
		A02C585824F3446100C82D68 /* NewServerView.swift */ = {isa = PBXFileReference; lastKnownFileType = sourcecode.swift; path = NewServerView.swift; sourceTree = "<group>"; };
		A045C8A224F2006400B3B1CD /* SeedTruckApp.swift */ = {isa = PBXFileReference; lastKnownFileType = sourcecode.swift; path = SeedTruckApp.swift; sourceTree = "<group>"; };
		A045C8A424F2006500B3B1CD /* Assets.xcassets */ = {isa = PBXFileReference; lastKnownFileType = folder.assetcatalog; path = Assets.xcassets; sourceTree = "<group>"; };
		A045C8A924F2006500B3B1CD /* SeedTruck.app */ = {isa = PBXFileReference; explicitFileType = wrapper.application; includeInIndex = 0; path = SeedTruck.app; sourceTree = BUILT_PRODUCTS_DIR; };
		A045C8AC24F2006500B3B1CD /* Info.plist */ = {isa = PBXFileReference; lastKnownFileType = text.plist.xml; path = Info.plist; sourceTree = "<group>"; };
		A045C8B124F2006500B3B1CD /* SeedTruck.app */ = {isa = PBXFileReference; explicitFileType = wrapper.application; includeInIndex = 0; path = SeedTruck.app; sourceTree = BUILT_PRODUCTS_DIR; };
		A045C8B324F2006500B3B1CD /* Info.plist */ = {isa = PBXFileReference; lastKnownFileType = text.plist.xml; path = Info.plist; sourceTree = "<group>"; };
		A045C8B424F2006500B3B1CD /* macOS.entitlements */ = {isa = PBXFileReference; lastKnownFileType = text.plist.entitlements; path = macOS.entitlements; sourceTree = "<group>"; };
		A045C8B924F2006500B3B1CD /* Tests iOS.xctest */ = {isa = PBXFileReference; explicitFileType = wrapper.cfbundle; includeInIndex = 0; path = "Tests iOS.xctest"; sourceTree = BUILT_PRODUCTS_DIR; };
		A045C8BD24F2006500B3B1CD /* Tests_iOS.swift */ = {isa = PBXFileReference; lastKnownFileType = sourcecode.swift; path = Tests_iOS.swift; sourceTree = "<group>"; };
		A045C8BF24F2006500B3B1CD /* Info.plist */ = {isa = PBXFileReference; lastKnownFileType = text.plist.xml; path = Info.plist; sourceTree = "<group>"; };
		A045C8C424F2006500B3B1CD /* Tests macOS.xctest */ = {isa = PBXFileReference; explicitFileType = wrapper.cfbundle; includeInIndex = 0; path = "Tests macOS.xctest"; sourceTree = BUILT_PRODUCTS_DIR; };
		A045C8C824F2006500B3B1CD /* Tests_macOS.swift */ = {isa = PBXFileReference; lastKnownFileType = sourcecode.swift; path = Tests_macOS.swift; sourceTree = "<group>"; };
		A045C8CA24F2006500B3B1CD /* Info.plist */ = {isa = PBXFileReference; lastKnownFileType = text.plist.xml; path = Info.plist; sourceTree = "<group>"; };
		A045C8DF24F2011E00B3B1CD /* MainView.swift */ = {isa = PBXFileReference; lastKnownFileType = sourcecode.swift; path = MainView.swift; sourceTree = "<group>"; };
		A045C8E224F2013100B3B1CD /* TorrentsTabView.swift */ = {isa = PBXFileReference; lastKnownFileType = sourcecode.swift; path = TorrentsTabView.swift; sourceTree = "<group>"; };
		A045C8E524F2021100B3B1CD /* TorrentItemView.swift */ = {isa = PBXFileReference; lastKnownFileType = sourcecode.swift; path = TorrentItemView.swift; sourceTree = "<group>"; };
		A045C8E824F205B100B3B1CD /* ProgressBarView.swift */ = {isa = PBXFileReference; lastKnownFileType = sourcecode.swift; path = ProgressBarView.swift; sourceTree = "<group>"; };
		A05FE16224F43A5A00B57E45 /* NoServersConfiguredView.swift */ = {isa = PBXFileReference; lastKnownFileType = sourcecode.swift; path = NoServersConfiguredView.swift; sourceTree = "<group>"; };
		A05FE16524F43A7300B57E45 /* ServerConnectionErrorView.swift */ = {isa = PBXFileReference; lastKnownFileType = sourcecode.swift; path = ServerConnectionErrorView.swift; sourceTree = "<group>"; };
		A071CAC824F3113800B6AC0C /* ByteCountFormatter+Extensions.swift */ = {isa = PBXFileReference; lastKnownFileType = sourcecode.swift; path = "ByteCountFormatter+Extensions.swift"; sourceTree = "<group>"; };
		A07FFC6C24F2F34E002A78B5 /* Transmission.swift */ = {isa = PBXFileReference; lastKnownFileType = sourcecode.swift; path = Transmission.swift; sourceTree = "<group>"; };
		A07FFC6F24F30044002A78B5 /* Transmission+Extensions.swift */ = {isa = PBXFileReference; lastKnownFileType = sourcecode.swift; path = "Transmission+Extensions.swift"; sourceTree = "<group>"; };
		A07FFC7224F306AC002A78B5 /* TransmissionModelTests.swift */ = {isa = PBXFileReference; lastKnownFileType = sourcecode.swift; path = TransmissionModelTests.swift; sourceTree = "<group>"; };
		A09656AB24F2C8E8009D0FE1 /* PreviewMockData.swift */ = {isa = PBXFileReference; lastKnownFileType = sourcecode.swift; path = PreviewMockData.swift; sourceTree = "<group>"; };
		A0B8C13224F3FF4E00ACD713 /* DocumentPickerViewController.swift */ = {isa = PBXFileReference; lastKnownFileType = sourcecode.swift; path = DocumentPickerViewController.swift; sourceTree = "<group>"; };
		A0C1DB3524F42E4100C76682 /* SettingsPresenter.swift */ = {isa = PBXFileReference; lastKnownFileType = sourcecode.swift; path = SettingsPresenter.swift; sourceTree = "<group>"; };
		A0C1DB3824F4358500C76682 /* TorrentListView.swift */ = {isa = PBXFileReference; lastKnownFileType = sourcecode.swift; path = TorrentListView.swift; sourceTree = "<group>"; };
		A0C1DB3B24F436A400C76682 /* CoreDataManagedObjectDeleter.swift */ = {isa = PBXFileReference; lastKnownFileType = sourcecode.swift; path = CoreDataManagedObjectDeleter.swift; sourceTree = "<group>"; };
/* End PBXFileReference section */

/* Begin PBXFrameworksBuildPhase section */
		A045C8A624F2006500B3B1CD /* Frameworks */ = {
			isa = PBXFrameworksBuildPhase;
			buildActionMask = 2147483647;
			files = (
			);
			runOnlyForDeploymentPostprocessing = 0;
		};
		A045C8AE24F2006500B3B1CD /* Frameworks */ = {
			isa = PBXFrameworksBuildPhase;
			buildActionMask = 2147483647;
			files = (
			);
			runOnlyForDeploymentPostprocessing = 0;
		};
		A045C8B624F2006500B3B1CD /* Frameworks */ = {
			isa = PBXFrameworksBuildPhase;
			buildActionMask = 2147483647;
			files = (
			);
			runOnlyForDeploymentPostprocessing = 0;
		};
		A045C8C124F2006500B3B1CD /* Frameworks */ = {
			isa = PBXFrameworksBuildPhase;
			buildActionMask = 2147483647;
			files = (
			);
			runOnlyForDeploymentPostprocessing = 0;
		};
/* End PBXFrameworksBuildPhase section */

/* Begin PBXGroup section */
		A011C7E324F20C78009D72C6 /* Models */ = {
			isa = PBXGroup;
			children = (
				A02C585424F33FEE00C82D68 /* Core Data */,
				A07FFC6824F2F1BB002A78B5 /* Remote */,
				A011C7F424F211C6009D72C6 /* LocalTorrent.swift */,
				A011C7E424F20C8D009D72C6 /* RemoteTorrent.swift */,
				A02C585124F326EA00C82D68 /* RemoteTorrent+Transmission.swift */,
			);
			path = Models;
			sourceTree = "<group>";
		};
		A011C7ED24F21064009D72C6 /* Network */ = {
			isa = PBXGroup;
			children = (
				A011C7EE24F21078009D72C6 /* ServerConnection.swift */,
				A011C7F124F21088009D72C6 /* TransmissionConnection.swift */,
			);
			path = Network;
			sourceTree = "<group>";
		};
		A02C585424F33FEE00C82D68 /* Core Data */ = {
			isa = PBXGroup;
			children = (
				A02C585524F3400200C82D68 /* ServerConnectionDetails.swift */,
			);
			path = "Core Data";
			sourceTree = "<group>";
		};
		A045C89C24F2006400B3B1CD = {
			isa = PBXGroup;
			children = (
				A011C7FA24F21406009D72C6 /* LICENSE.txt */,
				A011C7F724F2130A009D72C6 /* README.md */,
				A045C8A124F2006400B3B1CD /* Shared */,
				A045C8AB24F2006500B3B1CD /* iOS */,
				A045C8B224F2006500B3B1CD /* macOS */,
				A045C8BC24F2006500B3B1CD /* Tests iOS */,
				A045C8C724F2006500B3B1CD /* Tests macOS */,
				A045C8AA24F2006500B3B1CD /* Products */,
			);
			sourceTree = "<group>";
		};
		A045C8A124F2006400B3B1CD /* Shared */ = {
			isa = PBXGroup;
			children = (
				A045C8EB24F208AC00B3B1CD /* Components */,
				A011C7E324F20C78009D72C6 /* Models */,
				A011C7ED24F21064009D72C6 /* Network */,
				A0C1DB3E24F4376800C76682 /* Presenters */,
				A071CAC724F3110200B6AC0C /* Utilities */,
				A0C1DB3F24F4376D00C76682 /* Views */,
				A045C8A224F2006400B3B1CD /* SeedTruckApp.swift */,
				A045C8A424F2006500B3B1CD /* Assets.xcassets */,
				A02C584D24F325A400C82D68 /* DataModel.xcdatamodeld */,
			);
			path = Shared;
			sourceTree = "<group>";
		};
		A045C8AA24F2006500B3B1CD /* Products */ = {
			isa = PBXGroup;
			children = (
				A045C8A924F2006500B3B1CD /* SeedTruck.app */,
				A045C8B124F2006500B3B1CD /* SeedTruck.app */,
				A045C8B924F2006500B3B1CD /* Tests iOS.xctest */,
				A045C8C424F2006500B3B1CD /* Tests macOS.xctest */,
			);
			name = Products;
			sourceTree = "<group>";
		};
		A045C8AB24F2006500B3B1CD /* iOS */ = {
			isa = PBXGroup;
			children = (
				A045C8AC24F2006500B3B1CD /* Info.plist */,
			);
			path = iOS;
			sourceTree = "<group>";
		};
		A045C8B224F2006500B3B1CD /* macOS */ = {
			isa = PBXGroup;
			children = (
				A045C8B324F2006500B3B1CD /* Info.plist */,
				A045C8B424F2006500B3B1CD /* macOS.entitlements */,
			);
			path = macOS;
			sourceTree = "<group>";
		};
		A045C8BC24F2006500B3B1CD /* Tests iOS */ = {
			isa = PBXGroup;
			children = (
				A045C8BD24F2006500B3B1CD /* Tests_iOS.swift */,
				A045C8BF24F2006500B3B1CD /* Info.plist */,
				A07FFC7224F306AC002A78B5 /* TransmissionModelTests.swift */,
			);
			path = "Tests iOS";
			sourceTree = "<group>";
		};
		A045C8C724F2006500B3B1CD /* Tests macOS */ = {
			isa = PBXGroup;
			children = (
				A045C8C824F2006500B3B1CD /* Tests_macOS.swift */,
				A045C8CA24F2006500B3B1CD /* Info.plist */,
			);
			path = "Tests macOS";
			sourceTree = "<group>";
		};
		A045C8EB24F208AC00B3B1CD /* Components */ = {
			isa = PBXGroup;
			children = (
				A045C8E824F205B100B3B1CD /* ProgressBarView.swift */,
			);
			path = Components;
			sourceTree = "<group>";
		};
		A05FE16824F446E200B57E45 /* Tabs */ = {
			isa = PBXGroup;
			children = (
				A045C8E224F2013100B3B1CD /* TorrentsTabView.swift */,
				A023BAE624F294EF00B82FB3 /* SettingsView.swift */,
			);
			path = Tabs;
			sourceTree = "<group>";
		};
		A071CAC724F3110200B6AC0C /* Utilities */ = {
			isa = PBXGroup;
			children = (
				A071CAC824F3113800B6AC0C /* ByteCountFormatter+Extensions.swift */,
				A0C1DB3B24F436A400C76682 /* CoreDataManagedObjectDeleter.swift */,
				A0B8C13224F3FF4E00ACD713 /* DocumentPickerViewController.swift */,
				A09656AB24F2C8E8009D0FE1 /* PreviewMockData.swift */,
			);
			path = Utilities;
			sourceTree = "<group>";
		};
		A07FFC6824F2F1BB002A78B5 /* Remote */ = {
			isa = PBXGroup;
			children = (
				A07FFC6C24F2F34E002A78B5 /* Transmission.swift */,
				A07FFC6F24F30044002A78B5 /* Transmission+Extensions.swift */,
			);
			path = Remote;
			sourceTree = "<group>";
		};
		A0C1DB3E24F4376800C76682 /* Presenters */ = {
			isa = PBXGroup;
			children = (
				A0C1DB3524F42E4100C76682 /* SettingsPresenter.swift */,
			);
			path = Presenters;
			sourceTree = "<group>";
		};
		A0C1DB3F24F4376D00C76682 /* Views */ = {
			isa = PBXGroup;
			children = (
				A05FE16824F446E200B57E45 /* Tabs */,
				A045C8DF24F2011E00B3B1CD /* MainView.swift */,
				A02C585824F3446100C82D68 /* NewServerView.swift */,
				A05FE16224F43A5A00B57E45 /* NoServersConfiguredView.swift */,
				A05FE16524F43A7300B57E45 /* ServerConnectionErrorView.swift */,
				A0C1DB3824F4358500C76682 /* TorrentListView.swift */,
				A023BAE324F294E400B82FB3 /* TorrentDetailsView.swift */,
				A045C8E524F2021100B3B1CD /* TorrentItemView.swift */,
			);
			path = Views;
			sourceTree = "<group>";
		};
/* End PBXGroup section */

/* Begin PBXNativeTarget section */
		A045C8A824F2006500B3B1CD /* SeedTruck (iOS) */ = {
			isa = PBXNativeTarget;
			buildConfigurationList = A045C8D324F2006500B3B1CD /* Build configuration list for PBXNativeTarget "SeedTruck (iOS)" */;
			buildPhases = (
				A045C8A524F2006500B3B1CD /* Sources */,
				A045C8A624F2006500B3B1CD /* Frameworks */,
				A045C8A724F2006500B3B1CD /* Resources */,
			);
			buildRules = (
			);
			dependencies = (
			);
			name = "SeedTruck (iOS)";
			productName = "SeedTruck (iOS)";
			productReference = A045C8A924F2006500B3B1CD /* SeedTruck.app */;
			productType = "com.apple.product-type.application";
		};
		A045C8B024F2006500B3B1CD /* SeedTruck (macOS) */ = {
			isa = PBXNativeTarget;
			buildConfigurationList = A045C8D624F2006500B3B1CD /* Build configuration list for PBXNativeTarget "SeedTruck (macOS)" */;
			buildPhases = (
				A045C8AD24F2006500B3B1CD /* Sources */,
				A045C8AE24F2006500B3B1CD /* Frameworks */,
				A045C8AF24F2006500B3B1CD /* Resources */,
			);
			buildRules = (
			);
			dependencies = (
			);
			name = "SeedTruck (macOS)";
			productName = "SeedTruck (macOS)";
			productReference = A045C8B124F2006500B3B1CD /* SeedTruck.app */;
			productType = "com.apple.product-type.application";
		};
		A045C8B824F2006500B3B1CD /* Tests iOS */ = {
			isa = PBXNativeTarget;
			buildConfigurationList = A045C8D924F2006500B3B1CD /* Build configuration list for PBXNativeTarget "Tests iOS" */;
			buildPhases = (
				A045C8B524F2006500B3B1CD /* Sources */,
				A045C8B624F2006500B3B1CD /* Frameworks */,
				A045C8B724F2006500B3B1CD /* Resources */,
			);
			buildRules = (
			);
			dependencies = (
				A045C8BB24F2006500B3B1CD /* PBXTargetDependency */,
			);
			name = "Tests iOS";
			productName = "Tests iOS";
			productReference = A045C8B924F2006500B3B1CD /* Tests iOS.xctest */;
			productType = "com.apple.product-type.bundle.ui-testing";
		};
		A045C8C324F2006500B3B1CD /* Tests macOS */ = {
			isa = PBXNativeTarget;
			buildConfigurationList = A045C8DC24F2006500B3B1CD /* Build configuration list for PBXNativeTarget "Tests macOS" */;
			buildPhases = (
				A045C8C024F2006500B3B1CD /* Sources */,
				A045C8C124F2006500B3B1CD /* Frameworks */,
				A045C8C224F2006500B3B1CD /* Resources */,
			);
			buildRules = (
			);
			dependencies = (
				A045C8C624F2006500B3B1CD /* PBXTargetDependency */,
			);
			name = "Tests macOS";
			productName = "Tests macOS";
			productReference = A045C8C424F2006500B3B1CD /* Tests macOS.xctest */;
			productType = "com.apple.product-type.bundle.ui-testing";
		};
/* End PBXNativeTarget section */

/* Begin PBXProject section */
		A045C89D24F2006400B3B1CD /* Project object */ = {
			isa = PBXProject;
			attributes = {
				LastSwiftUpdateCheck = 1200;
				LastUpgradeCheck = 1200;
				TargetAttributes = {
					A045C8A824F2006500B3B1CD = {
						CreatedOnToolsVersion = 12.0;
					};
					A045C8B024F2006500B3B1CD = {
						CreatedOnToolsVersion = 12.0;
					};
					A045C8B824F2006500B3B1CD = {
						CreatedOnToolsVersion = 12.0;
						TestTargetID = A045C8A824F2006500B3B1CD;
					};
					A045C8C324F2006500B3B1CD = {
						CreatedOnToolsVersion = 12.0;
						TestTargetID = A045C8B024F2006500B3B1CD;
					};
				};
			};
			buildConfigurationList = A045C8A024F2006400B3B1CD /* Build configuration list for PBXProject "SeedTruck" */;
			compatibilityVersion = "Xcode 9.3";
			developmentRegion = en;
			hasScannedForEncodings = 0;
			knownRegions = (
				en,
				Base,
			);
			mainGroup = A045C89C24F2006400B3B1CD;
			productRefGroup = A045C8AA24F2006500B3B1CD /* Products */;
			projectDirPath = "";
			projectRoot = "";
			targets = (
				A045C8A824F2006500B3B1CD /* SeedTruck (iOS) */,
				A045C8B024F2006500B3B1CD /* SeedTruck (macOS) */,
				A045C8B824F2006500B3B1CD /* Tests iOS */,
				A045C8C324F2006500B3B1CD /* Tests macOS */,
			);
		};
/* End PBXProject section */

/* Begin PBXResourcesBuildPhase section */
		A045C8A724F2006500B3B1CD /* Resources */ = {
			isa = PBXResourcesBuildPhase;
			buildActionMask = 2147483647;
			files = (
				A011C7FB24F21406009D72C6 /* LICENSE.txt in Resources */,
				A011C7F824F2130A009D72C6 /* README.md in Resources */,
				A045C8CF24F2006500B3B1CD /* Assets.xcassets in Resources */,
			);
			runOnlyForDeploymentPostprocessing = 0;
		};
		A045C8AF24F2006500B3B1CD /* Resources */ = {
			isa = PBXResourcesBuildPhase;
			buildActionMask = 2147483647;
			files = (
				A011C7FC24F21406009D72C6 /* LICENSE.txt in Resources */,
				A011C7F924F2130A009D72C6 /* README.md in Resources */,
				A045C8D024F2006500B3B1CD /* Assets.xcassets in Resources */,
			);
			runOnlyForDeploymentPostprocessing = 0;
		};
		A045C8B724F2006500B3B1CD /* Resources */ = {
			isa = PBXResourcesBuildPhase;
			buildActionMask = 2147483647;
			files = (
			);
			runOnlyForDeploymentPostprocessing = 0;
		};
		A045C8C224F2006500B3B1CD /* Resources */ = {
			isa = PBXResourcesBuildPhase;
			buildActionMask = 2147483647;
			files = (
			);
			runOnlyForDeploymentPostprocessing = 0;
		};
/* End PBXResourcesBuildPhase section */

/* Begin PBXSourcesBuildPhase section */
		A045C8A524F2006500B3B1CD /* Sources */ = {
			isa = PBXSourcesBuildPhase;
			buildActionMask = 2147483647;
			files = (
				A02C585224F326EA00C82D68 /* RemoteTorrent+Transmission.swift in Sources */,
				A011C7E524F20C8D009D72C6 /* RemoteTorrent.swift in Sources */,
				A045C8E624F2021100B3B1CD /* TorrentItemView.swift in Sources */,
				A011C7F224F21088009D72C6 /* TransmissionConnection.swift in Sources */,
				A071CAC924F3113800B6AC0C /* ByteCountFormatter+Extensions.swift in Sources */,
				A0C1DB3924F4358500C76682 /* TorrentListView.swift in Sources */,
				A0B8C13324F3FF4E00ACD713 /* DocumentPickerViewController.swift in Sources */,
				A09656AC24F2C8E8009D0FE1 /* PreviewMockData.swift in Sources */,
				A05FE16324F43A5A00B57E45 /* NoServersConfiguredView.swift in Sources */,
				A011C7F524F211C6009D72C6 /* LocalTorrent.swift in Sources */,
				A05FE16624F43A7300B57E45 /* ServerConnectionErrorView.swift in Sources */,
				A045C8E324F2013100B3B1CD /* TorrentsTabView.swift in Sources */,
				A07FFC7024F30044002A78B5 /* Transmission+Extensions.swift in Sources */,
				A02C585924F3446100C82D68 /* NewServerView.swift in Sources */,
				A045C8E024F2011E00B3B1CD /* MainView.swift in Sources */,
				A07FFC6D24F2F34E002A78B5 /* Transmission.swift in Sources */,
				A045C8CB24F2006500B3B1CD /* SeedTruckApp.swift in Sources */,
				A0C1DB3C24F436A500C76682 /* CoreDataManagedObjectDeleter.swift in Sources */,
				A02C584F24F325A400C82D68 /* DataModel.xcdatamodeld in Sources */,
				A045C8E924F205B100B3B1CD /* ProgressBarView.swift in Sources */,
				A023BAE424F294E400B82FB3 /* TorrentDetailsView.swift in Sources */,
				A02C585624F3400200C82D68 /* ServerConnectionDetails.swift in Sources */,
				A011C7EF24F21078009D72C6 /* ServerConnection.swift in Sources */,
				A023BAE724F294EF00B82FB3 /* SettingsView.swift in Sources */,
				A0C1DB3624F42E4100C76682 /* SettingsPresenter.swift in Sources */,
			);
			runOnlyForDeploymentPostprocessing = 0;
		};
		A045C8AD24F2006500B3B1CD /* Sources */ = {
			isa = PBXSourcesBuildPhase;
			buildActionMask = 2147483647;
			files = (
				A02C585324F326EA00C82D68 /* RemoteTorrent+Transmission.swift in Sources */,
				A011C7E624F20C8D009D72C6 /* RemoteTorrent.swift in Sources */,
				A045C8E724F2021100B3B1CD /* TorrentItemView.swift in Sources */,
				A011C7F324F21088009D72C6 /* TransmissionConnection.swift in Sources */,
				A071CACA24F3113800B6AC0C /* ByteCountFormatter+Extensions.swift in Sources */,
				A0C1DB3A24F4358500C76682 /* TorrentListView.swift in Sources */,
				A0B8C13424F3FF4E00ACD713 /* DocumentPickerViewController.swift in Sources */,
				A09656AD24F2C8E8009D0FE1 /* PreviewMockData.swift in Sources */,
				A05FE16424F43A5A00B57E45 /* NoServersConfiguredView.swift in Sources */,
				A011C7F624F211C6009D72C6 /* LocalTorrent.swift in Sources */,
				A05FE16724F43A7300B57E45 /* ServerConnectionErrorView.swift in Sources */,
				A045C8E424F2013100B3B1CD /* TorrentsTabView.swift in Sources */,
				A07FFC7124F30044002A78B5 /* Transmission+Extensions.swift in Sources */,
				A02C585A24F3446100C82D68 /* NewServerView.swift in Sources */,
				A045C8E124F2011E00B3B1CD /* MainView.swift in Sources */,
				A07FFC6E24F2F34E002A78B5 /* Transmission.swift in Sources */,
				A045C8CC24F2006500B3B1CD /* SeedTruckApp.swift in Sources */,
				A0C1DB3D24F436A500C76682 /* CoreDataManagedObjectDeleter.swift in Sources */,
				A02C585024F325A400C82D68 /* DataModel.xcdatamodeld in Sources */,
				A045C8EA24F205B100B3B1CD /* ProgressBarView.swift in Sources */,
				A023BAE524F294E400B82FB3 /* TorrentDetailsView.swift in Sources */,
				A02C585724F3400200C82D68 /* ServerConnectionDetails.swift in Sources */,
				A011C7F024F21078009D72C6 /* ServerConnection.swift in Sources */,
				A023BAE824F294EF00B82FB3 /* SettingsView.swift in Sources */,
				A0C1DB3724F42E4100C76682 /* SettingsPresenter.swift in Sources */,
			);
			runOnlyForDeploymentPostprocessing = 0;
		};
		A045C8B524F2006500B3B1CD /* Sources */ = {
			isa = PBXSourcesBuildPhase;
			buildActionMask = 2147483647;
			files = (
				A045C8BE24F2006500B3B1CD /* Tests_iOS.swift in Sources */,
				A07FFC7324F306AC002A78B5 /* TransmissionModelTests.swift in Sources */,
			);
			runOnlyForDeploymentPostprocessing = 0;
		};
		A045C8C024F2006500B3B1CD /* Sources */ = {
			isa = PBXSourcesBuildPhase;
			buildActionMask = 2147483647;
			files = (
				A045C8C924F2006500B3B1CD /* Tests_macOS.swift in Sources */,
			);
			runOnlyForDeploymentPostprocessing = 0;
		};
/* End PBXSourcesBuildPhase section */

/* Begin PBXTargetDependency section */
		A045C8BB24F2006500B3B1CD /* PBXTargetDependency */ = {
			isa = PBXTargetDependency;
			target = A045C8A824F2006500B3B1CD /* SeedTruck (iOS) */;
			targetProxy = A045C8BA24F2006500B3B1CD /* PBXContainerItemProxy */;
		};
		A045C8C624F2006500B3B1CD /* PBXTargetDependency */ = {
			isa = PBXTargetDependency;
			target = A045C8B024F2006500B3B1CD /* SeedTruck (macOS) */;
			targetProxy = A045C8C524F2006500B3B1CD /* PBXContainerItemProxy */;
		};
/* End PBXTargetDependency section */

/* Begin XCBuildConfiguration section */
		A045C8D124F2006500B3B1CD /* Debug */ = {
			isa = XCBuildConfiguration;
			buildSettings = {
				ALWAYS_SEARCH_USER_PATHS = NO;
				CLANG_ANALYZER_NONNULL = YES;
				CLANG_ANALYZER_NUMBER_OBJECT_CONVERSION = YES_AGGRESSIVE;
				CLANG_CXX_LANGUAGE_STANDARD = "gnu++14";
				CLANG_CXX_LIBRARY = "libc++";
				CLANG_ENABLE_MODULES = YES;
				CLANG_ENABLE_OBJC_ARC = YES;
				CLANG_ENABLE_OBJC_WEAK = YES;
				CLANG_WARN_BLOCK_CAPTURE_AUTORELEASING = YES;
				CLANG_WARN_BOOL_CONVERSION = YES;
				CLANG_WARN_COMMA = YES;
				CLANG_WARN_CONSTANT_CONVERSION = YES;
				CLANG_WARN_DEPRECATED_OBJC_IMPLEMENTATIONS = YES;
				CLANG_WARN_DIRECT_OBJC_ISA_USAGE = YES_ERROR;
				CLANG_WARN_DOCUMENTATION_COMMENTS = YES;
				CLANG_WARN_EMPTY_BODY = YES;
				CLANG_WARN_ENUM_CONVERSION = YES;
				CLANG_WARN_INFINITE_RECURSION = YES;
				CLANG_WARN_INT_CONVERSION = YES;
				CLANG_WARN_NON_LITERAL_NULL_CONVERSION = YES;
				CLANG_WARN_OBJC_IMPLICIT_RETAIN_SELF = YES;
				CLANG_WARN_OBJC_LITERAL_CONVERSION = YES;
				CLANG_WARN_OBJC_ROOT_CLASS = YES_ERROR;
				CLANG_WARN_QUOTED_INCLUDE_IN_FRAMEWORK_HEADER = YES;
				CLANG_WARN_RANGE_LOOP_ANALYSIS = YES;
				CLANG_WARN_STRICT_PROTOTYPES = YES;
				CLANG_WARN_SUSPICIOUS_MOVE = YES;
				CLANG_WARN_UNGUARDED_AVAILABILITY = YES_AGGRESSIVE;
				CLANG_WARN_UNREACHABLE_CODE = YES;
				CLANG_WARN__DUPLICATE_METHOD_MATCH = YES;
				COPY_PHASE_STRIP = NO;
				DEBUG_INFORMATION_FORMAT = dwarf;
				ENABLE_STRICT_OBJC_MSGSEND = YES;
				ENABLE_TESTABILITY = YES;
				GCC_C_LANGUAGE_STANDARD = gnu11;
				GCC_DYNAMIC_NO_PIC = NO;
				GCC_NO_COMMON_BLOCKS = YES;
				GCC_OPTIMIZATION_LEVEL = 0;
				GCC_PREPROCESSOR_DEFINITIONS = (
					"DEBUG=1",
					"$(inherited)",
				);
				GCC_WARN_64_TO_32_BIT_CONVERSION = YES;
				GCC_WARN_ABOUT_RETURN_TYPE = YES_ERROR;
				GCC_WARN_UNDECLARED_SELECTOR = YES;
				GCC_WARN_UNINITIALIZED_AUTOS = YES_AGGRESSIVE;
				GCC_WARN_UNUSED_FUNCTION = YES;
				GCC_WARN_UNUSED_VARIABLE = YES;
				MTL_ENABLE_DEBUG_INFO = INCLUDE_SOURCE;
				MTL_FAST_MATH = YES;
				ONLY_ACTIVE_ARCH = YES;
				SWIFT_ACTIVE_COMPILATION_CONDITIONS = DEBUG;
				SWIFT_OPTIMIZATION_LEVEL = "-Onone";
			};
			name = Debug;
		};
		A045C8D224F2006500B3B1CD /* Release */ = {
			isa = XCBuildConfiguration;
			buildSettings = {
				ALWAYS_SEARCH_USER_PATHS = NO;
				CLANG_ANALYZER_NONNULL = YES;
				CLANG_ANALYZER_NUMBER_OBJECT_CONVERSION = YES_AGGRESSIVE;
				CLANG_CXX_LANGUAGE_STANDARD = "gnu++14";
				CLANG_CXX_LIBRARY = "libc++";
				CLANG_ENABLE_MODULES = YES;
				CLANG_ENABLE_OBJC_ARC = YES;
				CLANG_ENABLE_OBJC_WEAK = YES;
				CLANG_WARN_BLOCK_CAPTURE_AUTORELEASING = YES;
				CLANG_WARN_BOOL_CONVERSION = YES;
				CLANG_WARN_COMMA = YES;
				CLANG_WARN_CONSTANT_CONVERSION = YES;
				CLANG_WARN_DEPRECATED_OBJC_IMPLEMENTATIONS = YES;
				CLANG_WARN_DIRECT_OBJC_ISA_USAGE = YES_ERROR;
				CLANG_WARN_DOCUMENTATION_COMMENTS = YES;
				CLANG_WARN_EMPTY_BODY = YES;
				CLANG_WARN_ENUM_CONVERSION = YES;
				CLANG_WARN_INFINITE_RECURSION = YES;
				CLANG_WARN_INT_CONVERSION = YES;
				CLANG_WARN_NON_LITERAL_NULL_CONVERSION = YES;
				CLANG_WARN_OBJC_IMPLICIT_RETAIN_SELF = YES;
				CLANG_WARN_OBJC_LITERAL_CONVERSION = YES;
				CLANG_WARN_OBJC_ROOT_CLASS = YES_ERROR;
				CLANG_WARN_QUOTED_INCLUDE_IN_FRAMEWORK_HEADER = YES;
				CLANG_WARN_RANGE_LOOP_ANALYSIS = YES;
				CLANG_WARN_STRICT_PROTOTYPES = YES;
				CLANG_WARN_SUSPICIOUS_MOVE = YES;
				CLANG_WARN_UNGUARDED_AVAILABILITY = YES_AGGRESSIVE;
				CLANG_WARN_UNREACHABLE_CODE = YES;
				CLANG_WARN__DUPLICATE_METHOD_MATCH = YES;
				COPY_PHASE_STRIP = NO;
				DEBUG_INFORMATION_FORMAT = "dwarf-with-dsym";
				ENABLE_NS_ASSERTIONS = NO;
				ENABLE_STRICT_OBJC_MSGSEND = YES;
				GCC_C_LANGUAGE_STANDARD = gnu11;
				GCC_NO_COMMON_BLOCKS = YES;
				GCC_WARN_64_TO_32_BIT_CONVERSION = YES;
				GCC_WARN_ABOUT_RETURN_TYPE = YES_ERROR;
				GCC_WARN_UNDECLARED_SELECTOR = YES;
				GCC_WARN_UNINITIALIZED_AUTOS = YES_AGGRESSIVE;
				GCC_WARN_UNUSED_FUNCTION = YES;
				GCC_WARN_UNUSED_VARIABLE = YES;
				MTL_ENABLE_DEBUG_INFO = NO;
				MTL_FAST_MATH = YES;
				SWIFT_COMPILATION_MODE = wholemodule;
				SWIFT_OPTIMIZATION_LEVEL = "-O";
			};
			name = Release;
		};
		A045C8D424F2006500B3B1CD /* Debug */ = {
			isa = XCBuildConfiguration;
			buildSettings = {
				ASSETCATALOG_COMPILER_APPICON_NAME = AppIcon;
				ASSETCATALOG_COMPILER_GLOBAL_ACCENT_COLOR_NAME = AccentColor;
				CODE_SIGN_STYLE = Automatic;
				DEVELOPMENT_TEAM = 3D7R27DBRZ;
				ENABLE_PREVIEWS = YES;
				INFOPLIST_FILE = iOS/Info.plist;
				IPHONEOS_DEPLOYMENT_TARGET = 14.0;
				LD_RUNPATH_SEARCH_PATHS = (
					"$(inherited)",
					"@executable_path/Frameworks",
				);
				PRODUCT_BUNDLE_IDENTIFIER = io.edr.SeedTruck;
				PRODUCT_NAME = SeedTruck;
				SDKROOT = iphoneos;
				SWIFT_VERSION = 5.0;
				TARGETED_DEVICE_FAMILY = "1,2";
			};
			name = Debug;
		};
		A045C8D524F2006500B3B1CD /* Release */ = {
			isa = XCBuildConfiguration;
			buildSettings = {
				ASSETCATALOG_COMPILER_APPICON_NAME = AppIcon;
				ASSETCATALOG_COMPILER_GLOBAL_ACCENT_COLOR_NAME = AccentColor;
				CODE_SIGN_STYLE = Automatic;
				DEVELOPMENT_TEAM = 3D7R27DBRZ;
				ENABLE_PREVIEWS = YES;
				INFOPLIST_FILE = iOS/Info.plist;
				IPHONEOS_DEPLOYMENT_TARGET = 14.0;
				LD_RUNPATH_SEARCH_PATHS = (
					"$(inherited)",
					"@executable_path/Frameworks",
				);
				PRODUCT_BUNDLE_IDENTIFIER = io.edr.SeedTruck;
				PRODUCT_NAME = SeedTruck;
				SDKROOT = iphoneos;
				SWIFT_VERSION = 5.0;
				TARGETED_DEVICE_FAMILY = "1,2";
				VALIDATE_PRODUCT = YES;
			};
			name = Release;
		};
		A045C8D724F2006500B3B1CD /* Debug */ = {
			isa = XCBuildConfiguration;
			buildSettings = {
				ASSETCATALOG_COMPILER_APPICON_NAME = AppIcon;
				ASSETCATALOG_COMPILER_GLOBAL_ACCENT_COLOR_NAME = AccentColor;
				CODE_SIGN_ENTITLEMENTS = macOS/macOS.entitlements;
				CODE_SIGN_STYLE = Automatic;
				COMBINE_HIDPI_IMAGES = YES;
				DEVELOPMENT_TEAM = 3D7R27DBRZ;
				ENABLE_HARDENED_RUNTIME = YES;
				ENABLE_PREVIEWS = YES;
				INFOPLIST_FILE = macOS/Info.plist;
				LD_RUNPATH_SEARCH_PATHS = (
					"$(inherited)",
					"@executable_path/../Frameworks",
				);
				MACOSX_DEPLOYMENT_TARGET = 11.0;
				PRODUCT_BUNDLE_IDENTIFIER = io.edr.SeedTruck;
				PRODUCT_NAME = SeedTruck;
				SDKROOT = macosx;
				SWIFT_VERSION = 5.0;
			};
			name = Debug;
		};
		A045C8D824F2006500B3B1CD /* Release */ = {
			isa = XCBuildConfiguration;
			buildSettings = {
				ASSETCATALOG_COMPILER_APPICON_NAME = AppIcon;
				ASSETCATALOG_COMPILER_GLOBAL_ACCENT_COLOR_NAME = AccentColor;
				CODE_SIGN_ENTITLEMENTS = macOS/macOS.entitlements;
				CODE_SIGN_STYLE = Automatic;
				COMBINE_HIDPI_IMAGES = YES;
				DEVELOPMENT_TEAM = 3D7R27DBRZ;
				ENABLE_HARDENED_RUNTIME = YES;
				ENABLE_PREVIEWS = YES;
				INFOPLIST_FILE = macOS/Info.plist;
				LD_RUNPATH_SEARCH_PATHS = (
					"$(inherited)",
					"@executable_path/../Frameworks",
				);
				MACOSX_DEPLOYMENT_TARGET = 11.0;
				PRODUCT_BUNDLE_IDENTIFIER = io.edr.SeedTruck;
				PRODUCT_NAME = SeedTruck;
				SDKROOT = macosx;
				SWIFT_VERSION = 5.0;
			};
			name = Release;
		};
		A045C8DA24F2006500B3B1CD /* Debug */ = {
			isa = XCBuildConfiguration;
			buildSettings = {
				ALWAYS_EMBED_SWIFT_STANDARD_LIBRARIES = YES;
				CODE_SIGN_STYLE = Automatic;
				DEVELOPMENT_TEAM = 3D7R27DBRZ;
				INFOPLIST_FILE = "Tests iOS/Info.plist";
				IPHONEOS_DEPLOYMENT_TARGET = 14.0;
				LD_RUNPATH_SEARCH_PATHS = (
					"$(inherited)",
					"@executable_path/Frameworks",
					"@loader_path/Frameworks",
				);
				PRODUCT_BUNDLE_IDENTIFIER = "io.edr.Tests-iOS";
				PRODUCT_NAME = "$(TARGET_NAME)";
				SDKROOT = iphoneos;
				SWIFT_VERSION = 5.0;
				TARGETED_DEVICE_FAMILY = "1,2";
				TEST_TARGET_NAME = "SeedTruck (iOS)";
			};
			name = Debug;
		};
		A045C8DB24F2006500B3B1CD /* Release */ = {
			isa = XCBuildConfiguration;
			buildSettings = {
				ALWAYS_EMBED_SWIFT_STANDARD_LIBRARIES = YES;
				CODE_SIGN_STYLE = Automatic;
				DEVELOPMENT_TEAM = 3D7R27DBRZ;
				INFOPLIST_FILE = "Tests iOS/Info.plist";
				IPHONEOS_DEPLOYMENT_TARGET = 14.0;
				LD_RUNPATH_SEARCH_PATHS = (
					"$(inherited)",
					"@executable_path/Frameworks",
					"@loader_path/Frameworks",
				);
				PRODUCT_BUNDLE_IDENTIFIER = "io.edr.Tests-iOS";
				PRODUCT_NAME = "$(TARGET_NAME)";
				SDKROOT = iphoneos;
				SWIFT_VERSION = 5.0;
				TARGETED_DEVICE_FAMILY = "1,2";
				TEST_TARGET_NAME = "SeedTruck (iOS)";
				VALIDATE_PRODUCT = YES;
			};
			name = Release;
		};
		A045C8DD24F2006500B3B1CD /* Debug */ = {
			isa = XCBuildConfiguration;
			buildSettings = {
				ALWAYS_EMBED_SWIFT_STANDARD_LIBRARIES = YES;
				CODE_SIGN_STYLE = Automatic;
				COMBINE_HIDPI_IMAGES = YES;
				DEVELOPMENT_TEAM = 3D7R27DBRZ;
				INFOPLIST_FILE = "Tests macOS/Info.plist";
				LD_RUNPATH_SEARCH_PATHS = (
					"$(inherited)",
					"@executable_path/../Frameworks",
					"@loader_path/../Frameworks",
				);
				MACOSX_DEPLOYMENT_TARGET = 10.15;
				PRODUCT_BUNDLE_IDENTIFIER = "io.edr.Tests-macOS";
				PRODUCT_NAME = "$(TARGET_NAME)";
				SDKROOT = macosx;
				SWIFT_VERSION = 5.0;
				TEST_TARGET_NAME = "SeedTruck (macOS)";
			};
			name = Debug;
		};
		A045C8DE24F2006500B3B1CD /* Release */ = {
			isa = XCBuildConfiguration;
			buildSettings = {
				ALWAYS_EMBED_SWIFT_STANDARD_LIBRARIES = YES;
				CODE_SIGN_STYLE = Automatic;
				COMBINE_HIDPI_IMAGES = YES;
				DEVELOPMENT_TEAM = 3D7R27DBRZ;
				INFOPLIST_FILE = "Tests macOS/Info.plist";
				LD_RUNPATH_SEARCH_PATHS = (
					"$(inherited)",
					"@executable_path/../Frameworks",
					"@loader_path/../Frameworks",
				);
				MACOSX_DEPLOYMENT_TARGET = 10.15;
				PRODUCT_BUNDLE_IDENTIFIER = "io.edr.Tests-macOS";
				PRODUCT_NAME = "$(TARGET_NAME)";
				SDKROOT = macosx;
				SWIFT_VERSION = 5.0;
				TEST_TARGET_NAME = "SeedTruck (macOS)";
			};
			name = Release;
		};
/* End XCBuildConfiguration section */

/* Begin XCConfigurationList section */
		A045C8A024F2006400B3B1CD /* Build configuration list for PBXProject "SeedTruck" */ = {
			isa = XCConfigurationList;
			buildConfigurations = (
				A045C8D124F2006500B3B1CD /* Debug */,
				A045C8D224F2006500B3B1CD /* Release */,
			);
			defaultConfigurationIsVisible = 0;
			defaultConfigurationName = Release;
		};
		A045C8D324F2006500B3B1CD /* Build configuration list for PBXNativeTarget "SeedTruck (iOS)" */ = {
			isa = XCConfigurationList;
			buildConfigurations = (
				A045C8D424F2006500B3B1CD /* Debug */,
				A045C8D524F2006500B3B1CD /* Release */,
			);
			defaultConfigurationIsVisible = 0;
			defaultConfigurationName = Release;
		};
		A045C8D624F2006500B3B1CD /* Build configuration list for PBXNativeTarget "SeedTruck (macOS)" */ = {
			isa = XCConfigurationList;
			buildConfigurations = (
				A045C8D724F2006500B3B1CD /* Debug */,
				A045C8D824F2006500B3B1CD /* Release */,
			);
			defaultConfigurationIsVisible = 0;
			defaultConfigurationName = Release;
		};
		A045C8D924F2006500B3B1CD /* Build configuration list for PBXNativeTarget "Tests iOS" */ = {
			isa = XCConfigurationList;
			buildConfigurations = (
				A045C8DA24F2006500B3B1CD /* Debug */,
				A045C8DB24F2006500B3B1CD /* Release */,
			);
			defaultConfigurationIsVisible = 0;
			defaultConfigurationName = Release;
		};
		A045C8DC24F2006500B3B1CD /* Build configuration list for PBXNativeTarget "Tests macOS" */ = {
			isa = XCConfigurationList;
			buildConfigurations = (
				A045C8DD24F2006500B3B1CD /* Debug */,
				A045C8DE24F2006500B3B1CD /* Release */,
			);
			defaultConfigurationIsVisible = 0;
			defaultConfigurationName = Release;
		};
/* End XCConfigurationList section */

/* Begin XCVersionGroup section */
		A02C584D24F325A400C82D68 /* DataModel.xcdatamodeld */ = {
			isa = XCVersionGroup;
			children = (
				A02C584E24F325A400C82D68 /* DataModel.xcdatamodel */,
			);
			currentVersion = A02C584E24F325A400C82D68 /* DataModel.xcdatamodel */;
			path = DataModel.xcdatamodeld;
			sourceTree = "<group>";
			versionGroupType = wrapper.xcdatamodel;
		};
/* End XCVersionGroup section */
	};
	rootObject = A045C89D24F2006400B3B1CD /* Project object */;
}
